
Microsoft Visual Studio Solution File, Format Version 12.00
# Visual Studio Version 17
VisualStudioVersion = 17.10.35122.118
MinimumVisualStudioVersion = 10.0.40219.1
Project("{FAE04EC0-301F-11D3-BF4B-00C04F79EFBC}") = "MyFirstRPG", "MyFirstRPG\MyFirstRPG.csproj", "{198A99AF-C17B-4CAE-A814-06F3A9C3FA92}"
EndProject
Global
	GlobalSection(SolutionConfigurationPlatforms) = preSolution
		Debug|Any CPU = Debug|Any CPU
		Release|Any CPU = Release|Any CPU
	EndGlobalSection
	GlobalSection(ProjectConfigurationPlatforms) = postSolution
		{198A99AF-C17B-4CAE-A814-06F3A9C3FA92}.Debug|Any CPU.ActiveCfg = Debug|Any CPU
		{198A99AF-C17B-4CAE-A814-06F3A9C3FA92}.Debug|Any CPU.Build.0 = Debug|Any CPU
		{198A99AF-C17B-4CAE-A814-06F3A9C3FA92}.Release|Any CPU.ActiveCfg = Release|Any CPU
		{198A99AF-C17B-4CAE-A814-06F3A9C3FA92}.Release|Any CPU.Build.0 = Release|Any CPU
	EndGlobalSection
	GlobalSection(SolutionProperties) = preSolution
		HideSolutionNode = FALSE
	EndGlobalSection
	GlobalSection(ExtensibilityGlobals) = postSolution
		SolutionGuid = {F07FA9C9-7CF7-4B77-B8B6-C34C8D4EC0BB}
	EndGlobalSection
EndGlobal
